// !$*UTF8*$!
{
	archiveVersion = 1;
	classes = {
	};
	objectVersion = 56;
	objects = {

/* Begin PBXBuildFile section */
		B4E1DA692D05103E0019FDB4 /* chatbotApp.swift in Sources */ = {isa = PBXBuildFile; fileRef = B4E1DA682D05103E0019FDB4 /* chatbotApp.swift */; };
		B4E1DA6B2D05103E0019FDB4 /* ContentView.swift in Sources */ = {isa = PBXBuildFile; fileRef = B4E1DA6A2D05103E0019FDB4 /* ContentView.swift */; };
		B4E1DA6D2D0510400019FDB4 /* Assets.xcassets in Resources */ = {isa = PBXBuildFile; fileRef = B4E1DA6C2D0510400019FDB4 /* Assets.xcassets */; };
		B4E1DA702D0510400019FDB4 /* Preview Assets.xcassets in Resources */ = {isa = PBXBuildFile; fileRef = B4E1DA6F2D0510400019FDB4 /* Preview Assets.xcassets */; };
		B4E1DA782D0510880019FDB4 /* DallEResponse.swift in Sources */ = {isa = PBXBuildFile; fileRef = B4E1DA772D0510880019FDB4 /* DallEResponse.swift */; };
		B4E1DA7A2D05109E0019FDB4 /* GPTResponse.swift in Sources */ = {isa = PBXBuildFile; fileRef = B4E1DA792D05109E0019FDB4 /* GPTResponse.swift */; };
		B4E1DA7C2D0510CB0019FDB4 /* APIService.swift in Sources */ = {isa = PBXBuildFile; fileRef = B4E1DA7B2D0510CB0019FDB4 /* APIService.swift */; };
		B4E1DA7E2D0511C10019FDB4 /* ChatView.swift in Sources */ = {isa = PBXBuildFile; fileRef = B4E1DA7D2D0511C10019FDB4 /* ChatView.swift */; };
		B4E1DA862D052FB40019FDB4 /* SentimentAnalysisView.swift in Sources */ = {isa = PBXBuildFile; fileRef = B4E1DA852D052FB40019FDB4 /* SentimentAnalysisView.swift */; };
		B4E1DA882D1160780019FDB4 /* SentimentAnalyzer.mlmodel in Sources */ = {isa = PBXBuildFile; fileRef = B4E1DA872D1160780019FDB4 /* SentimentAnalyzer.mlmodel */; };
		B4E1DA8A2D116B530019FDB4 /* LazyView.swift in Sources */ = {isa = PBXBuildFile; fileRef = B4E1DA892D116B530019FDB4 /* LazyView.swift */; };
		B4E1DA8C2D119CF90019FDB4 /* SentimentAnalyzer2.mlmodel in Sources */ = {isa = PBXBuildFile; fileRef = B4E1DA8B2D119CF90019FDB4 /* SentimentAnalyzer2.mlmodel */; };
/* End PBXBuildFile section */

/* Begin PBXFileReference section */
		B4E1DA652D05103E0019FDB4 /* chatbot.app */ = {isa = PBXFileReference; explicitFileType = wrapper.application; includeInIndex = 0; path = chatbot.app; sourceTree = BUILT_PRODUCTS_DIR; };
		B4E1DA682D05103E0019FDB4 /* chatbotApp.swift */ = {isa = PBXFileReference; lastKnownFileType = sourcecode.swift; path = chatbotApp.swift; sourceTree = "<group>"; };
		B4E1DA6A2D05103E0019FDB4 /* ContentView.swift */ = {isa = PBXFileReference; lastKnownFileType = sourcecode.swift; path = ContentView.swift; sourceTree = "<group>"; };
		B4E1DA6C2D0510400019FDB4 /* Assets.xcassets */ = {isa = PBXFileReference; lastKnownFileType = folder.assetcatalog; path = Assets.xcassets; sourceTree = "<group>"; };
		B4E1DA6F2D0510400019FDB4 /* Preview Assets.xcassets */ = {isa = PBXFileReference; lastKnownFileType = folder.assetcatalog; path = "Preview Assets.xcassets"; sourceTree = "<group>"; };
		B4E1DA772D0510880019FDB4 /* DallEResponse.swift */ = {isa = PBXFileReference; lastKnownFileType = sourcecode.swift; path = DallEResponse.swift; sourceTree = "<group>"; };
		B4E1DA792D05109E0019FDB4 /* GPTResponse.swift */ = {isa = PBXFileReference; lastKnownFileType = sourcecode.swift; path = GPTResponse.swift; sourceTree = "<group>"; };
		B4E1DA7B2D0510CB0019FDB4 /* APIService.swift */ = {isa = PBXFileReference; lastKnownFileType = sourcecode.swift; path = APIService.swift; sourceTree = "<group>"; };
		B4E1DA7D2D0511C10019FDB4 /* ChatView.swift */ = {isa = PBXFileReference; lastKnownFileType = sourcecode.swift; path = ChatView.swift; sourceTree = "<group>"; };
		B4E1DA852D052FB40019FDB4 /* SentimentAnalysisView.swift */ = {isa = PBXFileReference; lastKnownFileType = sourcecode.swift; path = SentimentAnalysisView.swift; sourceTree = "<group>"; };
		B4E1DA872D1160780019FDB4 /* SentimentAnalyzer.mlmodel */ = {isa = PBXFileReference; lastKnownFileType = file.mlmodel; path = SentimentAnalyzer.mlmodel; sourceTree = "<group>"; };
		B4E1DA892D116B530019FDB4 /* LazyView.swift */ = {isa = PBXFileReference; lastKnownFileType = sourcecode.swift; path = LazyView.swift; sourceTree = "<group>"; };
		B4E1DA8B2D119CF90019FDB4 /* SentimentAnalyzer2.mlmodel */ = {isa = PBXFileReference; lastKnownFileType = file.mlmodel; path = SentimentAnalyzer2.mlmodel; sourceTree = "<group>"; };
		B4E1DA8F2D120B370019FDB4 /* Info.plist */ = {isa = PBXFileReference; lastKnownFileType = text.plist.xml; path = Info.plist; sourceTree = "<group>"; };
/* End PBXFileReference section */

/* Begin PBXFrameworksBuildPhase section */
		B4E1DA622D05103E0019FDB4 /* Frameworks */ = {
			isa = PBXFrameworksBuildPhase;
			buildActionMask = 2147483647;
			files = (
			);
			runOnlyForDeploymentPostprocessing = 0;
		};
/* End PBXFrameworksBuildPhase section */

/* Begin PBXGroup section */
		B4E1DA5C2D05103E0019FDB4 = {
			isa = PBXGroup;
			children = (
				B4E1DA672D05103E0019FDB4 /* chatbot */,
				B4E1DA662D05103E0019FDB4 /* Products */,
			);
			sourceTree = "<group>";
		};
		B4E1DA662D05103E0019FDB4 /* Products */ = {
			isa = PBXGroup;
			children = (
				B4E1DA652D05103E0019FDB4 /* chatbot.app */,
			);
			name = Products;
			sourceTree = "<group>";
		};
		B4E1DA672D05103E0019FDB4 /* chatbot */ = {
			isa = PBXGroup;
			children = (
				B4E1DA8F2D120B370019FDB4 /* Info.plist */,
				B4E1DA762D0510670019FDB4 /* Models */,
				B4E1DA682D05103E0019FDB4 /* chatbotApp.swift */,
				B4E1DA6A2D05103E0019FDB4 /* ContentView.swift */,
				B4E1DA6C2D0510400019FDB4 /* Assets.xcassets */,
				B4E1DA7B2D0510CB0019FDB4 /* APIService.swift */,
				B4E1DA7D2D0511C10019FDB4 /* ChatView.swift */,
				B4E1DA852D052FB40019FDB4 /* SentimentAnalysisView.swift */,
				B4E1DA872D1160780019FDB4 /* SentimentAnalyzer.mlmodel */,
				B4E1DA8B2D119CF90019FDB4 /* SentimentAnalyzer2.mlmodel */,
				B4E1DA6E2D0510400019FDB4 /* Preview Content */,
				B4E1DA892D116B530019FDB4 /* LazyView.swift */,
			);
			path = chatbot;
			sourceTree = "<group>";
		};
		B4E1DA6E2D0510400019FDB4 /* Preview Content */ = {
			isa = PBXGroup;
			children = (
				B4E1DA6F2D0510400019FDB4 /* Preview Assets.xcassets */,
			);
			path = "Preview Content";
			sourceTree = "<group>";
		};
		B4E1DA762D0510670019FDB4 /* Models */ = {
			isa = PBXGroup;
			children = (
				B4E1DA772D0510880019FDB4 /* DallEResponse.swift */,
				B4E1DA792D05109E0019FDB4 /* GPTResponse.swift */,
			);
			path = Models;
			sourceTree = "<group>";
		};
/* End PBXGroup section */

/* Begin PBXNativeTarget section */
		B4E1DA642D05103E0019FDB4 /* chatbot */ = {
			isa = PBXNativeTarget;
			buildConfigurationList = B4E1DA732D0510400019FDB4 /* Build configuration list for PBXNativeTarget "chatbot" */;
			buildPhases = (
				B4E1DA612D05103E0019FDB4 /* Sources */,
				B4E1DA622D05103E0019FDB4 /* Frameworks */,
				B4E1DA632D05103E0019FDB4 /* Resources */,
			);
			buildRules = (
			);
			dependencies = (
			);
			name = chatbot;
			productName = chatbot;
			productReference = B4E1DA652D05103E0019FDB4 /* chatbot.app */;
			productType = "com.apple.product-type.application";
		};
/* End PBXNativeTarget section */

/* Begin PBXProject section */
		B4E1DA5D2D05103E0019FDB4 /* Project object */ = {
			isa = PBXProject;
			attributes = {
				BuildIndependentTargetsInParallel = 1;
				LastSwiftUpdateCheck = 1530;
				LastUpgradeCheck = 1530;
				TargetAttributes = {
					B4E1DA642D05103E0019FDB4 = {
						CreatedOnToolsVersion = 15.3;
					};
				};
			};
			buildConfigurationList = B4E1DA602D05103E0019FDB4 /* Build configuration list for PBXProject "chatbot" */;
			compatibilityVersion = "Xcode 14.0";
			developmentRegion = en;
			hasScannedForEncodings = 0;
			knownRegions = (
				en,
				Base,
			);
			mainGroup = B4E1DA5C2D05103E0019FDB4;
			productRefGroup = B4E1DA662D05103E0019FDB4 /* Products */;
			projectDirPath = "";
			projectRoot = "";
			targets = (
				B4E1DA642D05103E0019FDB4 /* chatbot */,
			);
		};
/* End PBXProject section */

/* Begin PBXResourcesBuildPhase section */
		B4E1DA632D05103E0019FDB4 /* Resources */ = {
			isa = PBXResourcesBuildPhase;
			buildActionMask = 2147483647;
			files = (
				B4E1DA702D0510400019FDB4 /* Preview Assets.xcassets in Resources */,
				B4E1DA6D2D0510400019FDB4 /* Assets.xcassets in Resources */,
			);
			runOnlyForDeploymentPostprocessing = 0;
		};
/* End PBXResourcesBuildPhase section */

/* Begin PBXSourcesBuildPhase section */
		B4E1DA612D05103E0019FDB4 /* Sources */ = {
			isa = PBXSourcesBuildPhase;
			buildActionMask = 2147483647;
			files = (
				B4E1DA862D052FB40019FDB4 /* SentimentAnalysisView.swift in Sources */,
				B4E1DA8C2D119CF90019FDB4 /* SentimentAnalyzer2.mlmodel in Sources */,
				B4E1DA6B2D05103E0019FDB4 /* ContentView.swift in Sources */,
				B4E1DA7C2D0510CB0019FDB4 /* APIService.swift in Sources */,
				B4E1DA692D05103E0019FDB4 /* chatbotApp.swift in Sources */,
				B4E1DA7A2D05109E0019FDB4 /* GPTResponse.swift in Sources */,
				B4E1DA7E2D0511C10019FDB4 /* ChatView.swift in Sources */,
				B4E1DA8A2D116B530019FDB4 /* LazyView.swift in Sources */,
				B4E1DA882D1160780019FDB4 /* SentimentAnalyzer.mlmodel in Sources */,
				B4E1DA782D0510880019FDB4 /* DallEResponse.swift in Sources */,
			);
			runOnlyForDeploymentPostprocessing = 0;
		};
/* End PBXSourcesBuildPhase section */

/* Begin XCBuildConfiguration section */
		B4E1DA712D0510400019FDB4 /* Debug */ = {
			isa = XCBuildConfiguration;
			buildSettings = {
				ALWAYS_SEARCH_USER_PATHS = NO;
				ASSETCATALOG_COMPILER_GENERATE_SWIFT_ASSET_SYMBOL_EXTENSIONS = YES;
				CLANG_ANALYZER_NONNULL = YES;
				CLANG_ANALYZER_NUMBER_OBJECT_CONVERSION = YES_AGGRESSIVE;
				CLANG_CXX_LANGUAGE_STANDARD = "gnu++20";
				CLANG_ENABLE_MODULES = YES;
				CLANG_ENABLE_OBJC_ARC = YES;
				CLANG_ENABLE_OBJC_WEAK = YES;
				CLANG_WARN_BLOCK_CAPTURE_AUTORELEASING = YES;
				CLANG_WARN_BOOL_CONVERSION = YES;
				CLANG_WARN_COMMA = YES;
				CLANG_WARN_CONSTANT_CONVERSION = YES;
				CLANG_WARN_DEPRECATED_OBJC_IMPLEMENTATIONS = YES;
				CLANG_WARN_DIRECT_OBJC_ISA_USAGE = YES_ERROR;
				CLANG_WARN_DOCUMENTATION_COMMENTS = YES;
				CLANG_WARN_EMPTY_BODY = YES;
				CLANG_WARN_ENUM_CONVERSION = YES;
				CLANG_WARN_INFINITE_RECURSION = YES;
				CLANG_WARN_INT_CONVERSION = YES;
				CLANG_WARN_NON_LITERAL_NULL_CONVERSION = YES;
				CLANG_WARN_OBJC_IMPLICIT_RETAIN_SELF = YES;
				CLANG_WARN_OBJC_LITERAL_CONVERSION = YES;
				CLANG_WARN_OBJC_ROOT_CLASS = YES_ERROR;
				CLANG_WARN_QUOTED_INCLUDE_IN_FRAMEWORK_HEADER = YES;
				CLANG_WARN_RANGE_LOOP_ANALYSIS = YES;
				CLANG_WARN_STRICT_PROTOTYPES = YES;
				CLANG_WARN_SUSPICIOUS_MOVE = YES;
				CLANG_WARN_UNGUARDED_AVAILABILITY = YES_AGGRESSIVE;
				CLANG_WARN_UNREACHABLE_CODE = YES;
				CLANG_WARN__DUPLICATE_METHOD_MATCH = YES;
				COPY_PHASE_STRIP = NO;
				DEBUG_INFORMATION_FORMAT = dwarf;
				ENABLE_STRICT_OBJC_MSGSEND = YES;
				ENABLE_TESTABILITY = YES;
				ENABLE_USER_SCRIPT_SANDBOXING = YES;
				GCC_C_LANGUAGE_STANDARD = gnu17;
				GCC_DYNAMIC_NO_PIC = NO;
				GCC_NO_COMMON_BLOCKS = YES;
				GCC_OPTIMIZATION_LEVEL = 0;
				GCC_PREPROCESSOR_DEFINITIONS = (
					"DEBUG=1",
					"$(inherited)",
				);
				GCC_WARN_64_TO_32_BIT_CONVERSION = YES;
				GCC_WARN_ABOUT_RETURN_TYPE = YES_ERROR;
				GCC_WARN_UNDECLARED_SELECTOR = YES;
				GCC_WARN_UNINITIALIZED_AUTOS = YES_AGGRESSIVE;
				GCC_WARN_UNUSED_FUNCTION = YES;
				GCC_WARN_UNUSED_VARIABLE = YES;
				IPHONEOS_DEPLOYMENT_TARGET = 17.4;
				LOCALIZATION_PREFERS_STRING_CATALOGS = YES;
				MTL_ENABLE_DEBUG_INFO = INCLUDE_SOURCE;
				MTL_FAST_MATH = YES;
				ONLY_ACTIVE_ARCH = YES;
				SDKROOT = iphoneos;
				SWIFT_ACTIVE_COMPILATION_CONDITIONS = "DEBUG $(inherited)";
				SWIFT_OPTIMIZATION_LEVEL = "-Onone";
			};
			name = Debug;
		};
		B4E1DA722D0510400019FDB4 /* Release */ = {
			isa = XCBuildConfiguration;
			buildSettings = {
				ALWAYS_SEARCH_USER_PATHS = NO;
				ASSETCATALOG_COMPILER_GENERATE_SWIFT_ASSET_SYMBOL_EXTENSIONS = YES;
				CLANG_ANALYZER_NONNULL = YES;
				CLANG_ANALYZER_NUMBER_OBJECT_CONVERSION = YES_AGGRESSIVE;
				CLANG_CXX_LANGUAGE_STANDARD = "gnu++20";
				CLANG_ENABLE_MODULES = YES;
				CLANG_ENABLE_OBJC_ARC = YES;
				CLANG_ENABLE_OBJC_WEAK = YES;
				CLANG_WARN_BLOCK_CAPTURE_AUTORELEASING = YES;
				CLANG_WARN_BOOL_CONVERSION = YES;
				CLANG_WARN_COMMA = YES;
				CLANG_WARN_CONSTANT_CONVERSION = YES;
				CLANG_WARN_DEPRECATED_OBJC_IMPLEMENTATIONS = YES;
				CLANG_WARN_DIRECT_OBJC_ISA_USAGE = YES_ERROR;
				CLANG_WARN_DOCUMENTATION_COMMENTS = YES;
				CLANG_WARN_EMPTY_BODY = YES;
				CLANG_WARN_ENUM_CONVERSION = YES;
				CLANG_WARN_INFINITE_RECURSION = YES;
				CLANG_WARN_INT_CONVERSION = YES;
				CLANG_WARN_NON_LITERAL_NULL_CONVERSION = YES;
				CLANG_WARN_OBJC_IMPLICIT_RETAIN_SELF = YES;
				CLANG_WARN_OBJC_LITERAL_CONVERSION = YES;
				CLANG_WARN_OBJC_ROOT_CLASS = YES_ERROR;
				CLANG_WARN_QUOTED_INCLUDE_IN_FRAMEWORK_HEADER = YES;
				CLANG_WARN_RANGE_LOOP_ANALYSIS = YES;
				CLANG_WARN_STRICT_PROTOTYPES = YES;
				CLANG_WARN_SUSPICIOUS_MOVE = YES;
				CLANG_WARN_UNGUARDED_AVAILABILITY = YES_AGGRESSIVE;
				CLANG_WARN_UNREACHABLE_CODE = YES;
				CLANG_WARN__DUPLICATE_METHOD_MATCH = YES;
				COPY_PHASE_STRIP = NO;
				DEBUG_INFORMATION_FORMAT = "dwarf-with-dsym";
				ENABLE_NS_ASSERTIONS = NO;
				ENABLE_STRICT_OBJC_MSGSEND = YES;
				ENABLE_USER_SCRIPT_SANDBOXING = YES;
				GCC_C_LANGUAGE_STANDARD = gnu17;
				GCC_NO_COMMON_BLOCKS = YES;
				GCC_WARN_64_TO_32_BIT_CONVERSION = YES;
				GCC_WARN_ABOUT_RETURN_TYPE = YES_ERROR;
				GCC_WARN_UNDECLARED_SELECTOR = YES;
				GCC_WARN_UNINITIALIZED_AUTOS = YES_AGGRESSIVE;
				GCC_WARN_UNUSED_FUNCTION = YES;
				GCC_WARN_UNUSED_VARIABLE = YES;
				IPHONEOS_DEPLOYMENT_TARGET = 17.4;
				LOCALIZATION_PREFERS_STRING_CATALOGS = YES;
				MTL_ENABLE_DEBUG_INFO = NO;
				MTL_FAST_MATH = YES;
				SDKROOT = iphoneos;
				SWIFT_COMPILATION_MODE = wholemodule;
				VALIDATE_PRODUCT = YES;
			};
			name = Release;
		};
		B4E1DA742D0510400019FDB4 /* Debug */ = {
			isa = XCBuildConfiguration;
			buildSettings = {
				ASSETCATALOG_COMPILER_APPICON_NAME = AppIcon;
				ASSETCATALOG_COMPILER_GLOBAL_ACCENT_COLOR_NAME = AccentColor;
				CODE_SIGN_STYLE = Automatic;
				CURRENT_PROJECT_VERSION = 1;
				DEVELOPMENT_ASSET_PATHS = "\"chatbot/Preview Content\"";
				DEVELOPMENT_TEAM = 5KV45F3H7S;
				ENABLE_PREVIEWS = YES;
				GENERATE_INFOPLIST_FILE = YES;
				INFOPLIST_FILE = chatbot/Info.plist;
				INFOPLIST_KEY_LSApplicationCategoryType = "";
				INFOPLIST_KEY_LSSupportsOpeningDocumentsInPlace = YES;
				INFOPLIST_KEY_NSDocumentsFolderUsageDescription = "";
				INFOPLIST_KEY_UIApplicationSceneManifest_Generation = YES;
				INFOPLIST_KEY_UIApplicationSupportsIndirectInputEvents = YES;
				INFOPLIST_KEY_UILaunchScreen_Generation = YES;
				INFOPLIST_KEY_UISupportedInterfaceOrientations_iPad = "UIInterfaceOrientationPortrait UIInterfaceOrientationPortraitUpsideDown UIInterfaceOrientationLandscapeLeft UIInterfaceOrientationLandscapeRight";
				INFOPLIST_KEY_UISupportedInterfaceOrientations_iPhone = "UIInterfaceOrientationPortrait UIInterfaceOrientationLandscapeLeft UIInterfaceOrientationLandscapeRight";
				LD_RUNPATH_SEARCH_PATHS = (
					"$(inherited)",
					"@executable_path/Frameworks",
				);
				MARKETING_VERSION = 1.0;
				PRODUCT_BUNDLE_IDENTIFIER = io.designcode.chatbot;
				PRODUCT_NAME = "$(TARGET_NAME)";
				SWIFT_EMIT_LOC_STRINGS = YES;
				SWIFT_VERSION = 5.0;
				TARGETED_DEVICE_FAMILY = "1,2";
			};
			name = Debug;
		};
		B4E1DA752D0510400019FDB4 /* Release */ = {
			isa = XCBuildConfiguration;
			buildSettings = {
				ASSETCATALOG_COMPILER_APPICON_NAME = AppIcon;
				ASSETCATALOG_COMPILER_GLOBAL_ACCENT_COLOR_NAME = AccentColor;
				CODE_SIGN_STYLE = Automatic;
				CURRENT_PROJECT_VERSION = 1;
				DEVELOPMENT_ASSET_PATHS = "\"chatbot/Preview Content\"";
				DEVELOPMENT_TEAM = 5KV45F3H7S;
				ENABLE_PREVIEWS = YES;
				GENERATE_INFOPLIST_FILE = YES;
				INFOPLIST_FILE = chatbot/Info.plist;
				INFOPLIST_KEY_LSApplicationCategoryType = "";
				INFOPLIST_KEY_LSSupportsOpeningDocumentsInPlace = YES;
				INFOPLIST_KEY_NSDocumentsFolderUsageDescription = "";
				INFOPLIST_KEY_UIApplicationSceneManifest_Generation = YES;
				INFOPLIST_KEY_UIApplicationSupportsIndirectInputEvents = YES;
				INFOPLIST_KEY_UILaunchScreen_Generation = YES;
				INFOPLIST_KEY_UISupportedInterfaceOrientations_iPad = "UIInterfaceOrientationPortrait UIInterfaceOrientationPortraitUpsideDown UIInterfaceOrientationLandscapeLeft UIInterfaceOrientationLandscapeRight";
				INFOPLIST_KEY_UISupportedInterfaceOrientations_iPhone = "UIInterfaceOrientationPortrait UIInterfaceOrientationLandscapeLeft UIInterfaceOrientationLandscapeRight";
				LD_RUNPATH_SEARCH_PATHS = (
					"$(inherited)",
					"@executable_path/Frameworks",
				);
				MARKETING_VERSION = 1.0;
				PRODUCT_BUNDLE_IDENTIFIER = io.designcode.chatbot;
				PRODUCT_NAME = "$(TARGET_NAME)";
				SWIFT_EMIT_LOC_STRINGS = YES;
				SWIFT_VERSION = 5.0;
				TARGETED_DEVICE_FAMILY = "1,2";
			};
			name = Release;
		};
/* End XCBuildConfiguration section */

/* Begin XCConfigurationList section */
		B4E1DA602D05103E0019FDB4 /* Build configuration list for PBXProject "chatbot" */ = {
			isa = XCConfigurationList;
			buildConfigurations = (
				B4E1DA712D0510400019FDB4 /* Debug */,
				B4E1DA722D0510400019FDB4 /* Release */,
			);
			defaultConfigurationIsVisible = 0;
			defaultConfigurationName = Release;
		};
		B4E1DA732D0510400019FDB4 /* Build configuration list for PBXNativeTarget "chatbot" */ = {
			isa = XCConfigurationList;
			buildConfigurations = (
				B4E1DA742D0510400019FDB4 /* Debug */,
				B4E1DA752D0510400019FDB4 /* Release */,
			);
			defaultConfigurationIsVisible = 0;
			defaultConfigurationName = Release;
		};
/* End XCConfigurationList section */
	};
	rootObject = B4E1DA5D2D05103E0019FDB4 /* Project object */;
}
